
Microsoft Visual Studio Solution File, Format Version 12.00
# Visual Studio 15
VisualStudioVersion = 15.0.27428.2043
MinimumVisualStudioVersion = 10.0.40219.1
Project("{9A19103F-16F7-4668-BE54-9A1E7A4F7556}") = "Students.Backend.Selenium", "Students.Backend.Selenium\Students.Backend.Selenium.csproj", "{0BF68769-E8D7-4F51-868D-CFF93A5C5BBC}"
EndProject
Global
	GlobalSection(SolutionConfigurationPlatforms) = preSolution
		Debug|Any CPU = Debug|Any CPU
		Release|Any CPU = Release|Any CPU
	EndGlobalSection
	GlobalSection(ProjectConfigurationPlatforms) = postSolution
		{0BF68769-E8D7-4F51-868D-CFF93A5C5BBC}.Debug|Any CPU.ActiveCfg = Debug|Any CPU
		{0BF68769-E8D7-4F51-868D-CFF93A5C5BBC}.Debug|Any CPU.Build.0 = Debug|Any CPU
		{0BF68769-E8D7-4F51-868D-CFF93A5C5BBC}.Release|Any CPU.ActiveCfg = Release|Any CPU
		{0BF68769-E8D7-4F51-868D-CFF93A5C5BBC}.Release|Any CPU.Build.0 = Release|Any CPU
	EndGlobalSection
	GlobalSection(SolutionProperties) = preSolution
		HideSolutionNode = FALSE
	EndGlobalSection
	GlobalSection(ExtensibilityGlobals) = postSolution
		SolutionGuid = {B8E545FD-A8E8-4119-9229-547CAF1694FD}
	EndGlobalSection
EndGlobal
